
Microsoft Visual Studio Solution File, Format Version 12.00
# Visual Studio Version 16
VisualStudioVersion = 16.0.29728.190
MinimumVisualStudioVersion = 10.0.40219.1
Project("{FAE04EC0-301F-11D3-BF4B-00C04F79EFBC}") = "SeleniumFrameworkPractise", "SeleniumFrameworkPractise.csproj", "{622EE9C3-B612-42CC-9C5F-C1FFC9A2E9E8}"
EndProject
Global
	GlobalSection(SolutionConfigurationPlatforms) = preSolution
		Debug|Any CPU = Debug|Any CPU
		Release|Any CPU = Release|Any CPU
	EndGlobalSection
	GlobalSection(ProjectConfigurationPlatforms) = postSolution
		{622EE9C3-B612-42CC-9C5F-C1FFC9A2E9E8}.Debug|Any CPU.ActiveCfg = Debug|Any CPU
		{622EE9C3-B612-42CC-9C5F-C1FFC9A2E9E8}.Debug|Any CPU.Build.0 = Debug|Any CPU
		{622EE9C3-B612-42CC-9C5F-C1FFC9A2E9E8}.Release|Any CPU.ActiveCfg = Release|Any CPU
		{622EE9C3-B612-42CC-9C5F-C1FFC9A2E9E8}.Release|Any CPU.Build.0 = Release|Any CPU
	EndGlobalSection
	GlobalSection(SolutionProperties) = preSolution
		HideSolutionNode = FALSE
	EndGlobalSection
	GlobalSection(ExtensibilityGlobals) = postSolution
		SolutionGuid = {A9BD3217-FDF7-4592-89DA-0F2336B6C897}
	EndGlobalSection
EndGlobal
